
Microsoft Visual Studio Solution File, Format Version 12.00
# Visual Studio Version 16
VisualStudioVersion = 16.0.30011.22
MinimumVisualStudioVersion = 10.0.40219.1
Project("{8BC9CEB8-8B4A-11D0-8D11-00A0C91BC942}") = "LChess2", "LChess2.vcxproj", "{12BC1643-4845-430B-9754-6FBE3BAB233F}"
EndProject
Global
	GlobalSection(SolutionConfigurationPlatforms) = preSolution
		Debug|x86 = Debug|x86
		Release|x86 = Release|x86
	EndGlobalSection
	GlobalSection(ProjectConfigurationPlatforms) = postSolution
		{12BC1643-4845-430B-9754-6FBE3BAB233F}.Debug|x86.ActiveCfg = Debug|Win32
		{12BC1643-4845-430B-9754-6FBE3BAB233F}.Debug|x86.Build.0 = Debug|Win32
		{12BC1643-4845-430B-9754-6FBE3BAB233F}.Release|x86.ActiveCfg = Release|Win32
		{12BC1643-4845-430B-9754-6FBE3BAB233F}.Release|x86.Build.0 = Release|Win32
	EndGlobalSection
	GlobalSection(SolutionProperties) = preSolution
		HideSolutionNode = FALSE
	EndGlobalSection
	GlobalSection(ExtensibilityGlobals) = postSolution
		SolutionGuid = {1EB02FB1-B4A2-426C-8F3F-EBD818AE3C6A}
	EndGlobalSection
EndGlobal
